
Microsoft Visual Studio Solution File, Format Version 12.00
# Visual Studio Version 16
VisualStudioVersion = 16.0.30204.135
MinimumVisualStudioVersion = 10.0.40219.1
Project("{9A19103F-16F7-4668-BE54-9A1E7A4F7556}") = "Salacia.Common", "src\Salacia.Common\Salacia.Common.csproj", "{829A4A04-EEC5-4102-8DC2-E6038FCDC952}"
EndProject
Project("{9A19103F-16F7-4668-BE54-9A1E7A4F7556}") = "Salacia.Common.EntityFramework", "src\Salacia.Common.EntityFramework\Salacia.Common.EntityFramework.csproj", "{550C502C-D37B-4AE4-8941-0ACF02199141}"
EndProject
Project("{9A19103F-16F7-4668-BE54-9A1E7A4F7556}") = "Salacia.Common.RabbitMQ", "src\Salacia.Common.RabbitMQ\Salacia.Common.RabbitMQ.csproj", "{2532776E-2A68-412D-901C-24F9DF0A0A69}"
EndProject
Project("{2150E333-8FDC-42A3-9474-1A3956D46DE8}") = "Salacia.HumanResources", "Salacia.HumanResources", "{60BF52C6-3049-4092-8F7E-7F491D3C4004}"
EndProject
Project("{9A19103F-16F7-4668-BE54-9A1E7A4F7556}") = "Salacia.HumanResources.Api", "src\Salacia.HumanResources.Api\Salacia.HumanResources.Api.csproj", "{4F02F5A2-2E17-4FFA-B79E-2E54567ABC2E}"
EndProject
Project("{9A19103F-16F7-4668-BE54-9A1E7A4F7556}") = "Salacia.HumanResources.App", "src\Salacia.HumanResources.App\Salacia.HumanResources.App.csproj", "{DD6A7E5B-B4A5-4D83-830D-EB122774B496}"
EndProject
Project("{9A19103F-16F7-4668-BE54-9A1E7A4F7556}") = "Salacia.HumanResources.Data", "src\Salacia.HumanResources.Data\Salacia.HumanResources.Data.csproj", "{83033F4A-D0A4-45C1-B5A0-B47AD2D3C041}"
EndProject
Project("{9A19103F-16F7-4668-BE54-9A1E7A4F7556}") = "Salacia.HumanResources.Domain", "src\Salacia.HumanResources.Domain\Salacia.HumanResources.Domain.csproj", "{4028145D-DB62-4D86-93C9-F69D4DF44A04}"
EndProject
Project("{2150E333-8FDC-42A3-9474-1A3956D46DE8}") = "Salacia.Identity", "Salacia.Identity", "{92482204-2FCE-4C18-8158-44B4B6748EE4}"
EndProject
Project("{FAE04EC0-301F-11D3-BF4B-00C04F79EFBC}") = "Salacia.Identity.Api", "src\Salacia.Identity.Api\Salacia.Identity.Api.csproj", "{3A69B979-0CE8-4282-9071-3B8D8EE83B81}"
EndProject
Project("{FAE04EC0-301F-11D3-BF4B-00C04F79EFBC}") = "Salacia.Identity.App", "src\Salacia.Identity.App\Salacia.Identity.App.csproj", "{9C9A3ABC-F801-4E0E-ADEC-268DFC6AE727}"
EndProject
Project("{FAE04EC0-301F-11D3-BF4B-00C04F79EFBC}") = "Salacia.Identity.Data", "src\Salacia.Identity.Data\Salacia.Identity.Data.csproj", "{B17790FD-3C44-4A3A-87B5-C818088B5C2C}"
EndProject
Project("{FAE04EC0-301F-11D3-BF4B-00C04F79EFBC}") = "Salacia.Identity.Domain", "src\Salacia.Identity.Domain\Salacia.Identity.Domain.csproj", "{3F288B95-7EAA-4FFF-8DD5-4A8941D6A351}"
EndProject
Global
	GlobalSection(SolutionConfigurationPlatforms) = preSolution
		Debug|Any CPU = Debug|Any CPU
		Release|Any CPU = Release|Any CPU
	EndGlobalSection
	GlobalSection(ProjectConfigurationPlatforms) = postSolution
		{829A4A04-EEC5-4102-8DC2-E6038FCDC952}.Debug|Any CPU.ActiveCfg = Debug|Any CPU
		{829A4A04-EEC5-4102-8DC2-E6038FCDC952}.Debug|Any CPU.Build.0 = Debug|Any CPU
		{829A4A04-EEC5-4102-8DC2-E6038FCDC952}.Release|Any CPU.ActiveCfg = Release|Any CPU
		{829A4A04-EEC5-4102-8DC2-E6038FCDC952}.Release|Any CPU.Build.0 = Release|Any CPU
		{550C502C-D37B-4AE4-8941-0ACF02199141}.Debug|Any CPU.ActiveCfg = Debug|Any CPU
		{550C502C-D37B-4AE4-8941-0ACF02199141}.Debug|Any CPU.Build.0 = Debug|Any CPU
		{550C502C-D37B-4AE4-8941-0ACF02199141}.Release|Any CPU.ActiveCfg = Release|Any CPU
		{550C502C-D37B-4AE4-8941-0ACF02199141}.Release|Any CPU.Build.0 = Release|Any CPU
		{2532776E-2A68-412D-901C-24F9DF0A0A69}.Debug|Any CPU.ActiveCfg = Debug|Any CPU
		{2532776E-2A68-412D-901C-24F9DF0A0A69}.Debug|Any CPU.Build.0 = Debug|Any CPU
		{2532776E-2A68-412D-901C-24F9DF0A0A69}.Release|Any CPU.ActiveCfg = Release|Any CPU
		{2532776E-2A68-412D-901C-24F9DF0A0A69}.Release|Any CPU.Build.0 = Release|Any CPU
		{4F02F5A2-2E17-4FFA-B79E-2E54567ABC2E}.Debug|Any CPU.ActiveCfg = Debug|Any CPU
		{4F02F5A2-2E17-4FFA-B79E-2E54567ABC2E}.Debug|Any CPU.Build.0 = Debug|Any CPU
		{4F02F5A2-2E17-4FFA-B79E-2E54567ABC2E}.Release|Any CPU.ActiveCfg = Release|Any CPU
		{4F02F5A2-2E17-4FFA-B79E-2E54567ABC2E}.Release|Any CPU.Build.0 = Release|Any CPU
		{DD6A7E5B-B4A5-4D83-830D-EB122774B496}.Debug|Any CPU.ActiveCfg = Debug|Any CPU
		{DD6A7E5B-B4A5-4D83-830D-EB122774B496}.Debug|Any CPU.Build.0 = Debug|Any CPU
		{DD6A7E5B-B4A5-4D83-830D-EB122774B496}.Release|Any CPU.ActiveCfg = Release|Any CPU
		{DD6A7E5B-B4A5-4D83-830D-EB122774B496}.Release|Any CPU.Build.0 = Release|Any CPU
		{83033F4A-D0A4-45C1-B5A0-B47AD2D3C041}.Debug|Any CPU.ActiveCfg = Debug|Any CPU
		{83033F4A-D0A4-45C1-B5A0-B47AD2D3C041}.Debug|Any CPU.Build.0 = Debug|Any CPU
		{83033F4A-D0A4-45C1-B5A0-B47AD2D3C041}.Release|Any CPU.ActiveCfg = Release|Any CPU
		{83033F4A-D0A4-45C1-B5A0-B47AD2D3C041}.Release|Any CPU.Build.0 = Release|Any CPU
		{4028145D-DB62-4D86-93C9-F69D4DF44A04}.Debug|Any CPU.ActiveCfg = Debug|Any CPU
		{4028145D-DB62-4D86-93C9-F69D4DF44A04}.Debug|Any CPU.Build.0 = Debug|Any CPU
		{4028145D-DB62-4D86-93C9-F69D4DF44A04}.Release|Any CPU.ActiveCfg = Release|Any CPU
		{4028145D-DB62-4D86-93C9-F69D4DF44A04}.Release|Any CPU.Build.0 = Release|Any CPU
		{3A69B979-0CE8-4282-9071-3B8D8EE83B81}.Debug|Any CPU.ActiveCfg = Debug|Any CPU
		{3A69B979-0CE8-4282-9071-3B8D8EE83B81}.Debug|Any CPU.Build.0 = Debug|Any CPU
		{3A69B979-0CE8-4282-9071-3B8D8EE83B81}.Release|Any CPU.ActiveCfg = Release|Any CPU
		{3A69B979-0CE8-4282-9071-3B8D8EE83B81}.Release|Any CPU.Build.0 = Release|Any CPU
		{9C9A3ABC-F801-4E0E-ADEC-268DFC6AE727}.Debug|Any CPU.ActiveCfg = Debug|Any CPU
		{9C9A3ABC-F801-4E0E-ADEC-268DFC6AE727}.Debug|Any CPU.Build.0 = Debug|Any CPU
		{9C9A3ABC-F801-4E0E-ADEC-268DFC6AE727}.Release|Any CPU.ActiveCfg = Release|Any CPU
		{9C9A3ABC-F801-4E0E-ADEC-268DFC6AE727}.Release|Any CPU.Build.0 = Release|Any CPU
		{B17790FD-3C44-4A3A-87B5-C818088B5C2C}.Debug|Any CPU.ActiveCfg = Debug|Any CPU
		{B17790FD-3C44-4A3A-87B5-C818088B5C2C}.Debug|Any CPU.Build.0 = Debug|Any CPU
		{B17790FD-3C44-4A3A-87B5-C818088B5C2C}.Release|Any CPU.ActiveCfg = Release|Any CPU
		{B17790FD-3C44-4A3A-87B5-C818088B5C2C}.Release|Any CPU.Build.0 = Release|Any CPU
		{3F288B95-7EAA-4FFF-8DD5-4A8941D6A351}.Debug|Any CPU.ActiveCfg = Debug|Any CPU
		{3F288B95-7EAA-4FFF-8DD5-4A8941D6A351}.Debug|Any CPU.Build.0 = Debug|Any CPU
		{3F288B95-7EAA-4FFF-8DD5-4A8941D6A351}.Release|Any CPU.ActiveCfg = Release|Any CPU
		{3F288B95-7EAA-4FFF-8DD5-4A8941D6A351}.Release|Any CPU.Build.0 = Release|Any CPU
	EndGlobalSection
	GlobalSection(SolutionProperties) = preSolution
		HideSolutionNode = FALSE
	EndGlobalSection
	GlobalSection(NestedProjects) = preSolution
		{4F02F5A2-2E17-4FFA-B79E-2E54567ABC2E} = {60BF52C6-3049-4092-8F7E-7F491D3C4004}
		{DD6A7E5B-B4A5-4D83-830D-EB122774B496} = {60BF52C6-3049-4092-8F7E-7F491D3C4004}
		{83033F4A-D0A4-45C1-B5A0-B47AD2D3C041} = {60BF52C6-3049-4092-8F7E-7F491D3C4004}
		{4028145D-DB62-4D86-93C9-F69D4DF44A04} = {60BF52C6-3049-4092-8F7E-7F491D3C4004}
		{3A69B979-0CE8-4282-9071-3B8D8EE83B81} = {92482204-2FCE-4C18-8158-44B4B6748EE4}
		{9C9A3ABC-F801-4E0E-ADEC-268DFC6AE727} = {92482204-2FCE-4C18-8158-44B4B6748EE4}
		{B17790FD-3C44-4A3A-87B5-C818088B5C2C} = {92482204-2FCE-4C18-8158-44B4B6748EE4}
		{3F288B95-7EAA-4FFF-8DD5-4A8941D6A351} = {92482204-2FCE-4C18-8158-44B4B6748EE4}
	EndGlobalSection
	GlobalSection(ExtensibilityGlobals) = postSolution
		SolutionGuid = {A09DAAD3-8B04-49BC-A1AE-24EFC0C3CBD2}
	EndGlobalSection
EndGlobal
